
Microsoft Visual Studio Solution File, Format Version 12.00
# Visual Studio Version 17
VisualStudioVersion = 17.6.33723.286
MinimumVisualStudioVersion = 10.0.40219.1
Project("{FAE04EC0-301F-11D3-BF4B-00C04F79EFBC}") = "ShoppingApp_vs", "ShoppingApp_vs\ShoppingApp_vs.csproj", "{467F9A5C-8B19-44B0-AF28-36CFEB177E31}"
EndProject
Global
	GlobalSection(SolutionConfigurationPlatforms) = preSolution
		Debug|Any CPU = Debug|Any CPU
		Release|Any CPU = Release|Any CPU
	EndGlobalSection
	GlobalSection(ProjectConfigurationPlatforms) = postSolution
		{467F9A5C-8B19-44B0-AF28-36CFEB177E31}.Debug|Any CPU.ActiveCfg = Debug|Any CPU
		{467F9A5C-8B19-44B0-AF28-36CFEB177E31}.Debug|Any CPU.Build.0 = Debug|Any CPU
		{467F9A5C-8B19-44B0-AF28-36CFEB177E31}.Release|Any CPU.ActiveCfg = Release|Any CPU
		{467F9A5C-8B19-44B0-AF28-36CFEB177E31}.Release|Any CPU.Build.0 = Release|Any CPU
	EndGlobalSection
	GlobalSection(SolutionProperties) = preSolution
		HideSolutionNode = FALSE
	EndGlobalSection
	GlobalSection(ExtensibilityGlobals) = postSolution
		SolutionGuid = {5EA202E3-211D-4BEA-BDC1-AA0BEBEDC452}
	EndGlobalSection
EndGlobal
